
Microsoft Visual Studio Solution File, Format Version 12.00
# Visual Studio 2013
VisualStudioVersion = 12.0.21005.1
MinimumVisualStudioVersion = 10.0.40219.1
Project("{FAE04EC0-301F-11D3-BF4B-00C04F79EFBC}") = "自动化测试-整机V1.1", "自动化测试-整机\自动化测试-整机V1.1.csproj", "{986420AA-4203-4371-B067-FD1CD44BE036}"
EndProject
Global
	GlobalSection(SolutionConfigurationPlatforms) = preSolution
		Debug|Any CPU = Debug|Any CPU
		Release|Any CPU = Release|Any CPU
	EndGlobalSection
	GlobalSection(ProjectConfigurationPlatforms) = postSolution
		{986420AA-4203-4371-B067-FD1CD44BE036}.Debug|Any CPU.ActiveCfg = Debug|Any CPU
		{986420AA-4203-4371-B067-FD1CD44BE036}.Debug|Any CPU.Build.0 = Debug|Any CPU
		{986420AA-4203-4371-B067-FD1CD44BE036}.Release|Any CPU.ActiveCfg = Release|Any CPU
		{986420AA-4203-4371-B067-FD1CD44BE036}.Release|Any CPU.Build.0 = Release|Any CPU
	EndGlobalSection
	GlobalSection(SolutionProperties) = preSolution
		HideSolutionNode = FALSE
	EndGlobalSection
EndGlobal
